
Microsoft Visual Studio Solution File, Format Version 12.00
# Visual Studio Version 17
VisualStudioVersion = 17.9.34728.123
MinimumVisualStudioVersion = 10.0.40219.1
Project("{FAE04EC0-301F-11D3-BF4B-00C04F79EFBC}") = "Backend", "Backend\Backend.csproj", "{5B8975C7-DCE1-46AA-8E28-76424C5E70C4}"
EndProject
Project("{2150E333-8FDC-42A3-9474-1A3956D46DE8}") = "Solution Items", "Solution Items", "{B9D843A6-1A02-4775-BDDB-017FE9B657E7}"
	ProjectSection(SolutionItems) = preProject
		Dockerfile = Dockerfile
	EndProjectSection
EndProject
Global
	GlobalSection(SolutionConfigurationPlatforms) = preSolution
		Debug|Any CPU = Debug|Any CPU
		Release|Any CPU = Release|Any CPU
	EndGlobalSection
	GlobalSection(ProjectConfigurationPlatforms) = postSolution
		{5B8975C7-DCE1-46AA-8E28-76424C5E70C4}.Debug|Any CPU.ActiveCfg = Debug|Any CPU
		{5B8975C7-DCE1-46AA-8E28-76424C5E70C4}.Debug|Any CPU.Build.0 = Debug|Any CPU
		{5B8975C7-DCE1-46AA-8E28-76424C5E70C4}.Release|Any CPU.ActiveCfg = Release|Any CPU
		{5B8975C7-DCE1-46AA-8E28-76424C5E70C4}.Release|Any CPU.Build.0 = Release|Any CPU
	EndGlobalSection
	GlobalSection(SolutionProperties) = preSolution
		HideSolutionNode = FALSE
	EndGlobalSection
	GlobalSection(ExtensibilityGlobals) = postSolution
		SolutionGuid = {D783B0B0-5EFD-435A-BD85-DFEA5D34914B}
	EndGlobalSection
EndGlobal
